
Microsoft Visual Studio Solution File, Format Version 12.00
# Visual Studio Version 16
VisualStudioVersion = 16.0.29709.97
MinimumVisualStudioVersion = 10.0.40219.1
Project("{FAE04EC0-301F-11D3-BF4B-00C04F79EFBC}") = "VisualStudio2019CsharpGitDemo", "VisualStudio2019CsharpGitDemo.csproj", "{8C4FE172-0A8A-4B77-838B-FDF44E08DB0E}"
EndProject
Global
	GlobalSection(SolutionConfigurationPlatforms) = preSolution
		Debug|Any CPU = Debug|Any CPU
		Release|Any CPU = Release|Any CPU
	EndGlobalSection
	GlobalSection(ProjectConfigurationPlatforms) = postSolution
		{8C4FE172-0A8A-4B77-838B-FDF44E08DB0E}.Debug|Any CPU.ActiveCfg = Debug|Any CPU
		{8C4FE172-0A8A-4B77-838B-FDF44E08DB0E}.Debug|Any CPU.Build.0 = Debug|Any CPU
		{8C4FE172-0A8A-4B77-838B-FDF44E08DB0E}.Release|Any CPU.ActiveCfg = Release|Any CPU
		{8C4FE172-0A8A-4B77-838B-FDF44E08DB0E}.Release|Any CPU.Build.0 = Release|Any CPU
	EndGlobalSection
	GlobalSection(SolutionProperties) = preSolution
		HideSolutionNode = FALSE
	EndGlobalSection
	GlobalSection(ExtensibilityGlobals) = postSolution
		SolutionGuid = {A0B50FB6-28D2-417B-95AF-A8E44B2CCBE3}
	EndGlobalSection
EndGlobal
